// !$*UTF8*$!
{
	archiveVersion = 1;
	classes = {
	};
	objectVersion = 46;
	objects = {

/* Begin PBXBuildFile section */
		620023951A3183A50093FFE8 /* main.m in Sources */ = {isa = PBXBuildFile; fileRef = 620023941A3183A50093FFE8 /* main.m */; };
		620023981A3183A50093FFE8 /* AppDelegate.m in Sources */ = {isa = PBXBuildFile; fileRef = 620023971A3183A50093FFE8 /* AppDelegate.m */; };
		6200239B1A3183A50093FFE8 /* ViewController.m in Sources */ = {isa = PBXBuildFile; fileRef = 6200239A1A3183A50093FFE8 /* ViewController.m */; };
		6200239E1A3183A50093FFE8 /* Main.storyboard in Resources */ = {isa = PBXBuildFile; fileRef = 6200239C1A3183A50093FFE8 /* Main.storyboard */; };
		620023A01A3183A50093FFE8 /* Images.xcassets in Resources */ = {isa = PBXBuildFile; fileRef = 6200239F1A3183A50093FFE8 /* Images.xcassets */; };
		620023A31A3183A50093FFE8 /* LaunchScreen.xib in Resources */ = {isa = PBXBuildFile; fileRef = 620023A11A3183A50093FFE8 /* LaunchScreen.xib */; };
		620023AF1A3183A50093FFE8 /* EnjoyFreshTests.m in Sources */ = {isa = PBXBuildFile; fileRef = 620023AE1A3183A50093FFE8 /* EnjoyFreshTests.m */; };
/* End PBXBuildFile section */

/* Begin PBXContainerItemProxy section */
		620023A91A3183A50093FFE8 /* PBXContainerItemProxy */ = {
			isa = PBXContainerItemProxy;
			containerPortal = 620023871A3183A50093FFE8 /* Project object */;
			proxyType = 1;
			remoteGlobalIDString = 6200238E1A3183A50093FFE8;
			remoteInfo = EnjoyFresh;
		};
/* End PBXContainerItemProxy section */

/* Begin PBXFileReference section */
		6200238F1A3183A50093FFE8 /* EnjoyFresh.app */ = {isa = PBXFileReference; explicitFileType = wrapper.application; includeInIndex = 0; path = EnjoyFresh.app; sourceTree = BUILT_PRODUCTS_DIR; };
		620023931A3183A50093FFE8 /* Info.plist */ = {isa = PBXFileReference; lastKnownFileType = text.plist.xml; path = Info.plist; sourceTree = "<group>"; };
		620023941A3183A50093FFE8 /* main.m */ = {isa = PBXFileReference; lastKnownFileType = sourcecode.c.objc; path = main.m; sourceTree = "<group>"; };
		620023961A3183A50093FFE8 /* AppDelegate.h */ = {isa = PBXFileReference; lastKnownFileType = sourcecode.c.h; path = AppDelegate.h; sourceTree = "<group>"; };
		620023971A3183A50093FFE8 /* AppDelegate.m */ = {isa = PBXFileReference; lastKnownFileType = sourcecode.c.objc; path = AppDelegate.m; sourceTree = "<group>"; };
		620023991A3183A50093FFE8 /* ViewController.h */ = {isa = PBXFileReference; lastKnownFileType = sourcecode.c.h; path = ViewController.h; sourceTree = "<group>"; };
		6200239A1A3183A50093FFE8 /* ViewController.m */ = {isa = PBXFileReference; lastKnownFileType = sourcecode.c.objc; path = ViewController.m; sourceTree = "<group>"; };
		6200239D1A3183A50093FFE8 /* Base */ = {isa = PBXFileReference; lastKnownFileType = file.storyboard; name = Base; path = Base.lproj/Main.storyboard; sourceTree = "<group>"; };
		6200239F1A3183A50093FFE8 /* Images.xcassets */ = {isa = PBXFileReference; lastKnownFileType = folder.assetcatalog; path = Images.xcassets; sourceTree = "<group>"; };
		620023A21A3183A50093FFE8 /* Base */ = {isa = PBXFileReference; lastKnownFileType = file.xib; name = Base; path = Base.lproj/LaunchScreen.xib; sourceTree = "<group>"; };
		620023A81A3183A50093FFE8 /* EnjoyFreshTests.xctest */ = {isa = PBXFileReference; explicitFileType = wrapper.cfbundle; includeInIndex = 0; path = EnjoyFreshTests.xctest; sourceTree = BUILT_PRODUCTS_DIR; };
		620023AD1A3183A50093FFE8 /* Info.plist */ = {isa = PBXFileReference; lastKnownFileType = text.plist.xml; path = Info.plist; sourceTree = "<group>"; };
		620023AE1A3183A50093FFE8 /* EnjoyFreshTests.m */ = {isa = PBXFileReference; lastKnownFileType = sourcecode.c.objc; path = EnjoyFreshTests.m; sourceTree = "<group>"; };
/* End PBXFileReference section */

/* Begin PBXFrameworksBuildPhase section */
		6200238C1A3183A50093FFE8 /* Frameworks */ = {
			isa = PBXFrameworksBuildPhase;
			buildActionMask = 2147483647;
			files = (
			);
			runOnlyForDeploymentPostprocessing = 0;
		};
		620023A51A3183A50093FFE8 /* Frameworks */ = {
			isa = PBXFrameworksBuildPhase;
			buildActionMask = 2147483647;
			files = (
			);
			runOnlyForDeploymentPostprocessing = 0;
		};
/* End PBXFrameworksBuildPhase section */

/* Begin PBXGroup section */
		620023861A3183A50093FFE8 = {
			isa = PBXGroup;
			children = (
				620023911A3183A50093FFE8 /* EnjoyFresh */,
				620023AB1A3183A50093FFE8 /* EnjoyFreshTests */,
				620023901A3183A50093FFE8 /* Products */,
			);
			sourceTree = "<group>";
		};
		620023901A3183A50093FFE8 /* Products */ = {
			isa = PBXGroup;
			children = (
				6200238F1A3183A50093FFE8 /* EnjoyFresh.app */,
				620023A81A3183A50093FFE8 /* EnjoyFreshTests.xctest */,
			);
			name = Products;
			sourceTree = "<group>";
		};
		620023911A3183A50093FFE8 /* EnjoyFresh */ = {
			isa = PBXGroup;
			children = (
				620023961A3183A50093FFE8 /* AppDelegate.h */,
				620023971A3183A50093FFE8 /* AppDelegate.m */,
				620023991A3183A50093FFE8 /* ViewController.h */,
				6200239A1A3183A50093FFE8 /* ViewController.m */,
				6200239C1A3183A50093FFE8 /* Main.storyboard */,
				6200239F1A3183A50093FFE8 /* Images.xcassets */,
				620023A11A3183A50093FFE8 /* LaunchScreen.xib */,
				620023921A3183A50093FFE8 /* Supporting Files */,
			);
			path = EnjoyFresh;
			sourceTree = "<group>";
		};
		620023921A3183A50093FFE8 /* Supporting Files */ = {
			isa = PBXGroup;
			children = (
				620023931A3183A50093FFE8 /* Info.plist */,
				620023941A3183A50093FFE8 /* main.m */,
			);
			name = "Supporting Files";
			sourceTree = "<group>";
		};
		620023AB1A3183A50093FFE8 /* EnjoyFreshTests */ = {
			isa = PBXGroup;
			children = (
				620023AE1A3183A50093FFE8 /* EnjoyFreshTests.m */,
				620023AC1A3183A50093FFE8 /* Supporting Files */,
			);
			path = EnjoyFreshTests;
			sourceTree = "<group>";
		};
		620023AC1A3183A50093FFE8 /* Supporting Files */ = {
			isa = PBXGroup;
			children = (
				620023AD1A3183A50093FFE8 /* Info.plist */,
			);
			name = "Supporting Files";
			sourceTree = "<group>";
		};
/* End PBXGroup section */

/* Begin PBXNativeTarget section */
		6200238E1A3183A50093FFE8 /* EnjoyFresh */ = {
			isa = PBXNativeTarget;
			buildConfigurationList = 620023B21A3183A50093FFE8 /* Build configuration list for PBXNativeTarget "EnjoyFresh" */;
			buildPhases = (
				6200238B1A3183A50093FFE8 /* Sources */,
				6200238C1A3183A50093FFE8 /* Frameworks */,
				6200238D1A3183A50093FFE8 /* Resources */,
			);
			buildRules = (
			);
			dependencies = (
			);
			name = EnjoyFresh;
			productName = EnjoyFresh;
			productReference = 6200238F1A3183A50093FFE8 /* EnjoyFresh.app */;
			productType = "com.apple.product-type.application";
		};
		620023A71A3183A50093FFE8 /* EnjoyFreshTests */ = {
			isa = PBXNativeTarget;
			buildConfigurationList = 620023B51A3183A50093FFE8 /* Build configuration list for PBXNativeTarget "EnjoyFreshTests" */;
			buildPhases = (
				620023A41A3183A50093FFE8 /* Sources */,
				620023A51A3183A50093FFE8 /* Frameworks */,
				620023A61A3183A50093FFE8 /* Resources */,
			);
			buildRules = (
			);
			dependencies = (
				620023AA1A3183A50093FFE8 /* PBXTargetDependency */,
			);
			name = EnjoyFreshTests;
			productName = EnjoyFreshTests;
			productReference = 620023A81A3183A50093FFE8 /* EnjoyFreshTests.xctest */;
			productType = "com.apple.product-type.bundle.unit-test";
		};
/* End PBXNativeTarget section */

/* Begin PBXProject section */
		620023871A3183A50093FFE8 /* Project object */ = {
			isa = PBXProject;
			attributes = {
				LastUpgradeCheck = 0610;
				ORGANIZATIONNAME = VrindaTech;
				TargetAttributes = {
					6200238E1A3183A50093FFE8 = {
						CreatedOnToolsVersion = 6.1;
					};
					620023A71A3183A50093FFE8 = {
						CreatedOnToolsVersion = 6.1;
						TestTargetID = 6200238E1A3183A50093FFE8;
					};
				};
			};
			buildConfigurationList = 6200238A1A3183A50093FFE8 /* Build configuration list for PBXProject "EnjoyFresh" */;
			compatibilityVersion = "Xcode 3.2";
			developmentRegion = English;
			hasScannedForEncodings = 0;
			knownRegions = (
				en,
				Base,
			);
			mainGroup = 620023861A3183A50093FFE8;
			productRefGroup = 620023901A3183A50093FFE8 /* Products */;
			projectDirPath = "";
			projectRoot = "";
			targets = (
				6200238E1A3183A50093FFE8 /* EnjoyFresh */,
				620023A71A3183A50093FFE8 /* EnjoyFreshTests */,
			);
		};
/* End PBXProject section */

/* Begin PBXResourcesBuildPhase section */
		6200238D1A3183A50093FFE8 /* Resources */ = {
			isa = PBXResourcesBuildPhase;
			buildActionMask = 2147483647;
			files = (
				6200239E1A3183A50093FFE8 /* Main.storyboard in Resources */,
				620023A31A3183A50093FFE8 /* LaunchScreen.xib in Resources */,
				620023A01A3183A50093FFE8 /* Images.xcassets in Resources */,
			);
			runOnlyForDeploymentPostprocessing = 0;
		};
		620023A61A3183A50093FFE8 /* Resources */ = {
			isa = PBXResourcesBuildPhase;
			buildActionMask = 2147483647;
			files = (
			);
			runOnlyForDeploymentPostprocessing = 0;
		};
/* End PBXResourcesBuildPhase section */

/* Begin PBXSourcesBuildPhase section */
		6200238B1A3183A50093FFE8 /* Sources */ = {
			isa = PBXSourcesBuildPhase;
			buildActionMask = 2147483647;
			files = (
				6200239B1A3183A50093FFE8 /* ViewController.m in Sources */,
				620023981A3183A50093FFE8 /* AppDelegate.m in Sources */,
				620023951A3183A50093FFE8 /* main.m in Sources */,
			);
			runOnlyForDeploymentPostprocessing = 0;
		};
		620023A41A3183A50093FFE8 /* Sources */ = {
			isa = PBXSourcesBuildPhase;
			buildActionMask = 2147483647;
			files = (
				620023AF1A3183A50093FFE8 /* EnjoyFreshTests.m in Sources */,
			);
			runOnlyForDeploymentPostprocessing = 0;
		};
/* End PBXSourcesBuildPhase section */

/* Begin PBXTargetDependency section */
		620023AA1A3183A50093FFE8 /* PBXTargetDependency */ = {
			isa = PBXTargetDependency;
			target = 6200238E1A3183A50093FFE8 /* EnjoyFresh */;
			targetProxy = 620023A91A3183A50093FFE8 /* PBXContainerItemProxy */;
		};
/* End PBXTargetDependency section */

/* Begin PBXVariantGroup section */
		6200239C1A3183A50093FFE8 /* Main.storyboard */ = {
			isa = PBXVariantGroup;
			children = (
				6200239D1A3183A50093FFE8 /* Base */,
			);
			name = Main.storyboard;
			sourceTree = "<group>";
		};
		620023A11A3183A50093FFE8 /* LaunchScreen.xib */ = {
			isa = PBXVariantGroup;
			children = (
				620023A21A3183A50093FFE8 /* Base */,
			);
			name = LaunchScreen.xib;
			sourceTree = "<group>";
		};
/* End PBXVariantGroup section */

/* Begin XCBuildConfiguration section */
		620023B01A3183A50093FFE8 /* Debug */ = {
			isa = XCBuildConfiguration;
			buildSettings = {
				ALWAYS_SEARCH_USER_PATHS = NO;
				CLANG_CXX_LANGUAGE_STANDARD = "gnu++0x";
				CLANG_CXX_LIBRARY = "libc++";
				CLANG_ENABLE_MODULES = YES;
				CLANG_ENABLE_OBJC_ARC = YES;
				CLANG_WARN_BOOL_CONVERSION = YES;
				CLANG_WARN_CONSTANT_CONVERSION = YES;
				CLANG_WARN_DIRECT_OBJC_ISA_USAGE = YES_ERROR;
				CLANG_WARN_EMPTY_BODY = YES;
				CLANG_WARN_ENUM_CONVERSION = YES;
				CLANG_WARN_INT_CONVERSION = YES;
				CLANG_WARN_OBJC_ROOT_CLASS = YES_ERROR;
				CLANG_WARN_UNREACHABLE_CODE = YES;
				CLANG_WARN__DUPLICATE_METHOD_MATCH = YES;
				"CODE_SIGN_IDENTITY[sdk=iphoneos*]" = "iPhone Developer";
				COPY_PHASE_STRIP = NO;
				ENABLE_STRICT_OBJC_MSGSEND = YES;
				GCC_C_LANGUAGE_STANDARD = gnu99;
				GCC_DYNAMIC_NO_PIC = NO;
				GCC_OPTIMIZATION_LEVEL = 0;
				GCC_PREPROCESSOR_DEFINITIONS = (
					"DEBUG=1",
					"$(inherited)",
				);
				GCC_SYMBOLS_PRIVATE_EXTERN = NO;
				GCC_WARN_64_TO_32_BIT_CONVERSION = YES;
				GCC_WARN_ABOUT_RETURN_TYPE = YES_ERROR;
				GCC_WARN_UNDECLARED_SELECTOR = YES;
				GCC_WARN_UNINITIALIZED_AUTOS = YES_AGGRESSIVE;
				GCC_WARN_UNUSED_FUNCTION = YES;
				GCC_WARN_UNUSED_VARIABLE = YES;
				IPHONEOS_DEPLOYMENT_TARGET = 8.1;
				MTL_ENABLE_DEBUG_INFO = YES;
				ONLY_ACTIVE_ARCH = YES;
				SDKROOT = iphoneos;
				TARGETED_DEVICE_FAMILY = "1,2";
			};
			name = Debug;
		};
		620023B11A3183A50093FFE8 /* Release */ = {
			isa = XCBuildConfiguration;
			buildSettings = {
				ALWAYS_SEARCH_USER_PATHS = NO;
				CLANG_CXX_LANGUAGE_STANDARD = "gnu++0x";
				CLANG_CXX_LIBRARY = "libc++";
				CLANG_ENABLE_MODULES = YES;
				CLANG_ENABLE_OBJC_ARC = YES;
				CLANG_WARN_BOOL_CONVERSION = YES;
				CLANG_WARN_CONSTANT_CONVERSION = YES;
				CLANG_WARN_DIRECT_OBJC_ISA_USAGE = YES_ERROR;
				CLANG_WARN_EMPTY_BODY = YES;
				CLANG_WARN_ENUM_CONVERSION = YES;
				CLANG_WARN_INT_CONVERSION = YES;
				CLANG_WARN_OBJC_ROOT_CLASS = YES_ERROR;
				CLANG_WARN_UNREACHABLE_CODE = YES;
				CLANG_WARN__DUPLICATE_METHOD_MATCH = YES;
				"CODE_SIGN_IDENTITY[sdk=iphoneos*]" = "iPhone Developer";
				COPY_PHASE_STRIP = YES;
				ENABLE_NS_ASSERTIONS = NO;
				ENABLE_STRICT_OBJC_MSGSEND = YES;
				GCC_C_LANGUAGE_STANDARD = gnu99;
				GCC_WARN_64_TO_32_BIT_CONVERSION = YES;
				GCC_WARN_ABOUT_RETURN_TYPE = YES_ERROR;
				GCC_WARN_UNDECLARED_SELECTOR = YES;
				GCC_WARN_UNINITIALIZED_AUTOS = YES_AGGRESSIVE;
				GCC_WARN_UNUSED_FUNCTION = YES;
				GCC_WARN_UNUSED_VARIABLE = YES;
				IPHONEOS_DEPLOYMENT_TARGET = 8.1;
				MTL_ENABLE_DEBUG_INFO = NO;
				SDKROOT = iphoneos;
				TARGETED_DEVICE_FAMILY = "1,2";
				VALIDATE_PRODUCT = YES;
			};
			name = Release;
		};
		620023B31A3183A50093FFE8 /* Debug */ = {
			isa = XCBuildConfiguration;
			buildSettings = {
				ASSETCATALOG_COMPILER_APPICON_NAME = AppIcon;
				INFOPLIST_FILE = EnjoyFresh/Info.plist;
				LD_RUNPATH_SEARCH_PATHS = "$(inherited) @executable_path/Frameworks";
				PRODUCT_NAME = "$(TARGET_NAME)";
			};
			name = Debug;
		};
		620023B41A3183A50093FFE8 /* Release */ = {
			isa = XCBuildConfiguration;
			buildSettings = {
				ASSETCATALOG_COMPILER_APPICON_NAME = AppIcon;
				INFOPLIST_FILE = EnjoyFresh/Info.plist;
				LD_RUNPATH_SEARCH_PATHS = "$(inherited) @executable_path/Frameworks";
				PRODUCT_NAME = "$(TARGET_NAME)";
			};
			name = Release;
		};
		620023B61A3183A50093FFE8 /* Debug */ = {
			isa = XCBuildConfiguration;
			buildSettings = {
				BUNDLE_LOADER = "$(TEST_HOST)";
				FRAMEWORK_SEARCH_PATHS = (
					"$(SDKROOT)/Developer/Library/Frameworks",
					"$(inherited)",
				);
				GCC_PREPROCESSOR_DEFINITIONS = (
					"DEBUG=1",
					"$(inherited)",
				);
				INFOPLIST_FILE = EnjoyFreshTests/Info.plist;
				LD_RUNPATH_SEARCH_PATHS = "$(inherited) @executable_path/Frameworks @loader_path/Frameworks";
				PRODUCT_NAME = "$(TARGET_NAME)";
				TEST_HOST = "$(BUILT_PRODUCTS_DIR)/EnjoyFresh.app/EnjoyFresh";
			};
			name = Debug;
		};
		620023B71A3183A50093FFE8 /* Release */ = {
			isa = XCBuildConfiguration;
			buildSettings = {
				BUNDLE_LOADER = "$(TEST_HOST)";
				FRAMEWORK_SEARCH_PATHS = (
					"$(SDKROOT)/Developer/Library/Frameworks",
					"$(inherited)",
				);
				INFOPLIST_FILE = EnjoyFreshTests/Info.plist;
				LD_RUNPATH_SEARCH_PATHS = "$(inherited) @executable_path/Frameworks @loader_path/Frameworks";
				PRODUCT_NAME = "$(TARGET_NAME)";
				TEST_HOST = "$(BUILT_PRODUCTS_DIR)/EnjoyFresh.app/EnjoyFresh";
			};
			name = Release;
		};
/* End XCBuildConfiguration section */

/* Begin XCConfigurationList section */
		6200238A1A3183A50093FFE8 /* Build configuration list for PBXProject "EnjoyFresh" */ = {
			isa = XCConfigurationList;
			buildConfigurations = (
				620023B01A3183A50093FFE8 /* Debug */,
				620023B11A3183A50093FFE8 /* Release */,
			);
			defaultConfigurationIsVisible = 0;
			defaultConfigurationName = Release;
		};
		620023B21A3183A50093FFE8 /* Build configuration list for PBXNativeTarget "EnjoyFresh" */ = {
			isa = XCConfigurationList;
			buildConfigurations = (
				620023B31A3183A50093FFE8 /* Debug */,
				620023B41A3183A50093FFE8 /* Release */,
			);
			defaultConfigurationIsVisible = 0;
		};
		620023B51A3183A50093FFE8 /* Build configuration list for PBXNativeTarget "EnjoyFreshTests" */ = {
			isa = XCConfigurationList;
			buildConfigurations = (
				620023B61A3183A50093FFE8 /* Debug */,
				620023B71A3183A50093FFE8 /* Release */,
			);
			defaultConfigurationIsVisible = 0;
		};
/* End XCConfigurationList section */
	};
	rootObject = 620023871A3183A50093FFE8 /* Project object */;
}
